// !$*UTF8*$!
{
	archiveVersion = 1;
	classes = {
	};
	objectVersion = 46;
	objects = {

/* Begin PBXBuildFile section */
		1D60589F0D05DD5A006BFB54 /* Foundation.framework in Frameworks */ = {isa = PBXBuildFile; fileRef = 1D30AB110D05D00D00671497 /* Foundation.framework */; };
		1DF5F4E00D08C38300B7A737 /* UIKit.framework in Frameworks */ = {isa = PBXBuildFile; fileRef = 1DF5F4DF0D08C38300B7A737 /* UIKit.framework */; };
		288765FD0DF74451002DB57D /* CoreGraphics.framework in Frameworks */ = {isa = PBXBuildFile; fileRef = 288765FC0DF74451002DB57D /* CoreGraphics.framework */; };
		CD28226018B925E3003B768C /* ORButton.mm in Sources */ = {isa = PBXBuildFile; fileRef = CD28225D18B925E3003B768C /* ORButton.mm */; };
		CD28226118B925E3003B768C /* ORTextField.mm in Sources */ = {isa = PBXBuildFile; fileRef = CD28225F18B925E3003B768C /* ORTextField.mm */; };
		CD28226B18B925F0003B768C /* Callback.mm in Sources */ = {isa = PBXBuildFile; fileRef = CD28226318B925F0003B768C /* Callback.mm */; };
		CD28226C18B925F0003B768C /* CallbackGameState.mm in Sources */ = {isa = PBXBuildFile; fileRef = CD28226518B925F0003B768C /* CallbackGameState.mm */; };
		CD28226D18B925F0003B768C /* CallbackGoodbye.mm in Sources */ = {isa = PBXBuildFile; fileRef = CD28226718B925F0003B768C /* CallbackGoodbye.mm */; };
		CD28226E18B925F0003B768C /* CallbackWelcome.mm in Sources */ = {isa = PBXBuildFile; fileRef = CD28226A18B925F0003B768C /* CallbackWelcome.mm */; };
		CD28227718B92605003B768C /* controller.pb.cc in Sources */ = {isa = PBXBuildFile; fileRef = CD28226F18B92605003B768C /* controller.pb.cc */; };
		CD28227818B92605003B768C /* robot.pb.cc in Sources */ = {isa = PBXBuildFile; fileRef = CD28227118B92605003B768C /* robot.pb.cc */; };
		CD28227918B92605003B768C /* server-game.pb.cc in Sources */ = {isa = PBXBuildFile; fileRef = CD28227318B92605003B768C /* server-game.pb.cc */; };
		CD28227A18B92605003B768C /* server-web.pb.cc in Sources */ = {isa = PBXBuildFile; fileRef = CD28227518B92605003B768C /* server-web.pb.cc */; };
		CD28228318B92617003B768C /* BroadcastRetriever.cpp in Sources */ = {isa = PBXBuildFile; fileRef = CD28227B18B92617003B768C /* BroadcastRetriever.cpp */; };
		CD28228418B92617003B768C /* Media.mm in Sources */ = {isa = PBXBuildFile; fileRef = CD28227E18B92617003B768C /* Media.mm */; };
		CD28228518B92617003B768C /* MessagesWrapper.mm in Sources */ = {isa = PBXBuildFile; fileRef = CD28228018B92617003B768C /* MessagesWrapper.mm */; };
		CD28228618B92617003B768C /* ServerCommunicator.mm in Sources */ = {isa = PBXBuildFile; fileRef = CD28228218B92617003B768C /* ServerCommunicator.mm */; };
		CD28228F18B92624003B768C /* BackgroundScene.mm in Sources */ = {isa = PBXBuildFile; fileRef = CD28228818B92624003B768C /* BackgroundScene.mm */; };
		CD28229018B92624003B768C /* BroadcastScene.mm in Sources */ = {isa = PBXBuildFile; fileRef = CD28228A18B92624003B768C /* BroadcastScene.mm */; };
		CD28229118B92624003B768C /* FlowScene.mm in Sources */ = {isa = PBXBuildFile; fileRef = CD28228C18B92624003B768C /* FlowScene.mm */; };
		CD28229218B92624003B768C /* MainStage.mm in Sources */ = {isa = PBXBuildFile; fileRef = CD28228E18B92624003B768C /* MainStage.mm */; };
		CD28229918B92635003B768C /* AppDelegate.mm in Sources */ = {isa = PBXBuildFile; fileRef = CD28229518B92635003B768C /* AppDelegate.mm */; };
		CD28229A18B92635003B768C /* Game.mm in Sources */ = {isa = PBXBuildFile; fileRef = CD28229718B92635003B768C /* Game.mm */; };
		CD28229B18B92635003B768C /* main.mm in Sources */ = {isa = PBXBuildFile; fileRef = CD28229818B92635003B768C /* main.mm */; };
		CD2822A818B92686003B768C /* black-dialog.png in Resources */ = {isa = PBXBuildFile; fileRef = CD28229C18B92686003B768C /* black-dialog.png */; };
		CD2822A918B92686003B768C /* cut-metal.jpg in Resources */ = {isa = PBXBuildFile; fileRef = CD28229D18B92686003B768C /* cut-metal.jpg */; };
		CD2822AA18B92686003B768C /* game-bg.png in Resources */ = {isa = PBXBuildFile; fileRef = CD28229E18B92686003B768C /* game-bg.png */; };
		CD2822AB18B92686003B768C /* Metal-background-2.jpg in Resources */ = {isa = PBXBuildFile; fileRef = CD28229F18B92686003B768C /* Metal-background-2.jpg */; };
		CD2822AC18B92686003B768C /* Metal-background.jpg in Resources */ = {isa = PBXBuildFile; fileRef = CD2822A018B92686003B768C /* Metal-background.jpg */; };
		CD2822AD18B92686003B768C /* Metal-background.png in Resources */ = {isa = PBXBuildFile; fileRef = CD2822A118B92686003B768C /* Metal-background.png */; };
		CD2822AE18B92686003B768C /* Metal-background.psd in Resources */ = {isa = PBXBuildFile; fileRef = CD2822A218B92686003B768C /* Metal-background.psd */; };
		CD2822AF18B92686003B768C /* Network-lines-background.jpg in Resources */ = {isa = PBXBuildFile; fileRef = CD2822A318B92686003B768C /* Network-lines-background.jpg */; };
		CD2822B018B92686003B768C /* tech-button-off.png in Resources */ = {isa = PBXBuildFile; fileRef = CD2822A418B92686003B768C /* tech-button-off.png */; };
		CD2822B118B92686003B768C /* tech-button-off.psd in Resources */ = {isa = PBXBuildFile; fileRef = CD2822A518B92686003B768C /* tech-button-off.psd */; };
		CD2822B218B92686003B768C /* tech-button-on.png in Resources */ = {isa = PBXBuildFile; fileRef = CD2822A618B92686003B768C /* tech-button-on.png */; };
		CD2822B318B92686003B768C /* tech-button-on.psd in Resources */ = {isa = PBXBuildFile; fileRef = CD2822A718B92686003B768C /* tech-button-on.psd */; };
		CD2CFF1A18B9125800DB2CEC /* Images.xcassets in Resources */ = {isa = PBXBuildFile; fileRef = CD2CFF1918B9125800DB2CEC /* Images.xcassets */; };
		CD30E5DE18B0F99100327A3B /* protobuf-ios.Framework in Frameworks */ = {isa = PBXBuildFile; fileRef = CDA25D2718B0C78400916054 /* protobuf-ios.Framework */; };
		CD30E5DF18B0F99700327A3B /* zmq-ios-aggregate.framework in Frameworks */ = {isa = PBXBuildFile; fileRef = CDA25D2918B0C78400916054 /* zmq-ios-aggregate.framework */; };
		CD30E5E118B0FADA00327A3B /* libstdc++.dylib in Frameworks */ = {isa = PBXBuildFile; fileRef = CD30E5E018B0FADA00327A3B /* libstdc++.dylib */; };
		CD5B3CF818BA4B4F00368CE6 /* marvin.png in Resources */ = {isa = PBXBuildFile; fileRef = CD5B3CF718BA4B4F00368CE6 /* marvin.png */; };
		CD5B3CFB18BA549A00368CE6 /* PlayGameScene.mm in Sources */ = {isa = PBXBuildFile; fileRef = CD5B3CFA18BA549A00368CE6 /* PlayGameScene.mm */; };
		CD7D452618B7CFBC00B5D596 /* bordersprite_regular_20.fnt in Resources */ = {isa = PBXBuildFile; fileRef = CD7D452218B7CFBC00B5D596 /* bordersprite_regular_20.fnt */; };
		CD7D452718B7CFBC00B5D596 /* bordersprite_regular_20.PNG in Resources */ = {isa = PBXBuildFile; fileRef = CD7D452318B7CFBC00B5D596 /* bordersprite_regular_20.PNG */; };
		CD7D452818B7CFBC00B5D596 /* dodger_shadow_shadow_20.fnt in Resources */ = {isa = PBXBuildFile; fileRef = CD7D452418B7CFBC00B5D596 /* dodger_shadow_shadow_20.fnt */; };
		CD7D452918B7CFBC00B5D596 /* dodger_shadow_shadow_20.PNG in Resources */ = {isa = PBXBuildFile; fileRef = CD7D452518B7CFBC00B5D596 /* dodger_shadow_shadow_20.PNG */; };
		CD7D452C18B7FAF800B5D596 /* dodger_condensed_condensed_20.fnt in Resources */ = {isa = PBXBuildFile; fileRef = CD7D452A18B7FAF800B5D596 /* dodger_condensed_condensed_20.fnt */; };
		CD7D452D18B7FAF800B5D596 /* dodger_condensed_condensed_20.PNG in Resources */ = {isa = PBXBuildFile; fileRef = CD7D452B18B7FAF800B5D596 /* dodger_condensed_condensed_20.PNG */; };
		CDA25D2B18B0C78400916054 /* sparrow.Framework in Frameworks */ = {isa = PBXBuildFile; fileRef = CDA25D2818B0C78400916054 /* sparrow.Framework */; };
		DE3F093811B7B9DC009D4DB0 /* AVFoundation.framework in Frameworks */ = {isa = PBXBuildFile; fileRef = DE3F093711B7B9DC009D4DB0 /* AVFoundation.framework */; };
		DE3F093A11B7B9DC009D4DB0 /* AudioToolbox.framework in Frameworks */ = {isa = PBXBuildFile; fileRef = DE3F093911B7B9DC009D4DB0 /* AudioToolbox.framework */; };
		DE3F097811B7BABD009D4DB0 /* OpenAL.framework in Frameworks */ = {isa = PBXBuildFile; fileRef = DE3F097711B7BABD009D4DB0 /* OpenAL.framework */; };
		DE4A3D7A10FFB08200FDA492 /* OpenGLES.framework in Frameworks */ = {isa = PBXBuildFile; fileRef = DE4A3D7910FFB08200FDA492 /* OpenGLES.framework */; };
		DE4A3D7F10FFB08B00FDA492 /* QuartzCore.framework in Frameworks */ = {isa = PBXBuildFile; fileRef = DE4A3D7E10FFB08B00FDA492 /* QuartzCore.framework */; };
		DE4F80E814E1541400655D44 /* sound.caf in Resources */ = {isa = PBXBuildFile; fileRef = DE4F80DB14E1541400655D44 /* sound.caf */; };
		DE5C4E6E138ED109004892CA /* libz.dylib in Frameworks */ = {isa = PBXBuildFile; fileRef = DE5C4E6D138ED109004892CA /* libz.dylib */; };
		DEAAF3DF16BC114D004EB9D5 /* GLKit.framework in Frameworks */ = {isa = PBXBuildFile; fileRef = DEAAF3DE16BC114D004EB9D5 /* GLKit.framework */; };
/* End PBXBuildFile section */

/* Begin PBXFileReference section */
		1D30AB110D05D00D00671497 /* Foundation.framework */ = {isa = PBXFileReference; lastKnownFileType = wrapper.framework; name = Foundation.framework; path = System/Library/Frameworks/Foundation.framework; sourceTree = SDKROOT; };
		1D6058910D05DD3D006BFB54 /* iOrwell2.app */ = {isa = PBXFileReference; explicitFileType = wrapper.application; includeInIndex = 0; path = iOrwell2.app; sourceTree = BUILT_PRODUCTS_DIR; };
		1DF5F4DF0D08C38300B7A737 /* UIKit.framework */ = {isa = PBXFileReference; lastKnownFileType = wrapper.framework; name = UIKit.framework; path = System/Library/Frameworks/UIKit.framework; sourceTree = SDKROOT; };
		288765FC0DF74451002DB57D /* CoreGraphics.framework */ = {isa = PBXFileReference; lastKnownFileType = wrapper.framework; name = CoreGraphics.framework; path = System/Library/Frameworks/CoreGraphics.framework; sourceTree = SDKROOT; };
		32CA4F630368D1EE00C91783 /* App-Prefix.pch */ = {isa = PBXFileReference; fileEncoding = 4; lastKnownFileType = sourcecode.c.h; path = "App-Prefix.pch"; sourceTree = "<group>"; };
		8D1107310486CEB800E47090 /* App-Info.plist */ = {isa = PBXFileReference; fileEncoding = 4; lastKnownFileType = text.plist.xml; path = "App-Info.plist"; plistStructureDefinitionIdentifier = "com.apple.xcode.plist.structure-definition.iphone.info-plist"; sourceTree = "<group>"; };
		CD28225C18B925E3003B768C /* ORButton.h */ = {isa = PBXFileReference; fileEncoding = 4; lastKnownFileType = sourcecode.c.h; name = ORButton.h; path = src/ui/ORButton.h; sourceTree = SOURCE_ROOT; };
		CD28225D18B925E3003B768C /* ORButton.mm */ = {isa = PBXFileReference; fileEncoding = 4; lastKnownFileType = sourcecode.cpp.objcpp; name = ORButton.mm; path = src/ui/ORButton.mm; sourceTree = SOURCE_ROOT; };
		CD28225E18B925E3003B768C /* ORTextField.h */ = {isa = PBXFileReference; fileEncoding = 4; lastKnownFileType = sourcecode.c.h; name = ORTextField.h; path = src/ui/ORTextField.h; sourceTree = SOURCE_ROOT; };
		CD28225F18B925E3003B768C /* ORTextField.mm */ = {isa = PBXFileReference; fileEncoding = 4; lastKnownFileType = sourcecode.cpp.objcpp; name = ORTextField.mm; path = src/ui/ORTextField.mm; sourceTree = SOURCE_ROOT; };
		CD28226218B925F0003B768C /* Callback.h */ = {isa = PBXFileReference; fileEncoding = 4; lastKnownFileType = sourcecode.c.h; name = Callback.h; path = src/callback/Callback.h; sourceTree = SOURCE_ROOT; };
		CD28226318B925F0003B768C /* Callback.mm */ = {isa = PBXFileReference; fileEncoding = 4; lastKnownFileType = sourcecode.cpp.objcpp; name = Callback.mm; path = src/callback/Callback.mm; sourceTree = SOURCE_ROOT; };
		CD28226418B925F0003B768C /* CallbackGameState.h */ = {isa = PBXFileReference; fileEncoding = 4; lastKnownFileType = sourcecode.c.h; name = CallbackGameState.h; path = src/callback/CallbackGameState.h; sourceTree = SOURCE_ROOT; };
		CD28226518B925F0003B768C /* CallbackGameState.mm */ = {isa = PBXFileReference; fileEncoding = 4; lastKnownFileType = sourcecode.cpp.objcpp; name = CallbackGameState.mm; path = src/callback/CallbackGameState.mm; sourceTree = SOURCE_ROOT; };
		CD28226618B925F0003B768C /* CallbackGoodbye.h */ = {isa = PBXFileReference; fileEncoding = 4; lastKnownFileType = sourcecode.c.h; name = CallbackGoodbye.h; path = src/callback/CallbackGoodbye.h; sourceTree = SOURCE_ROOT; };
		CD28226718B925F0003B768C /* CallbackGoodbye.mm */ = {isa = PBXFileReference; fileEncoding = 4; lastKnownFileType = sourcecode.cpp.objcpp; name = CallbackGoodbye.mm; path = src/callback/CallbackGoodbye.mm; sourceTree = SOURCE_ROOT; };
		CD28226818B925F0003B768C /* CallbackResponder.h */ = {isa = PBXFileReference; fileEncoding = 4; lastKnownFileType = sourcecode.c.h; name = CallbackResponder.h; path = src/callback/CallbackResponder.h; sourceTree = SOURCE_ROOT; };
		CD28226918B925F0003B768C /* CallbackWelcome.h */ = {isa = PBXFileReference; fileEncoding = 4; lastKnownFileType = sourcecode.c.h; name = CallbackWelcome.h; path = src/callback/CallbackWelcome.h; sourceTree = SOURCE_ROOT; };
		CD28226A18B925F0003B768C /* CallbackWelcome.mm */ = {isa = PBXFileReference; fileEncoding = 4; lastKnownFileType = sourcecode.cpp.objcpp; name = CallbackWelcome.mm; path = src/callback/CallbackWelcome.mm; sourceTree = SOURCE_ROOT; };
		CD28226F18B92605003B768C /* controller.pb.cc */ = {isa = PBXFileReference; fileEncoding = 4; lastKnownFileType = sourcecode.cpp.cpp; name = controller.pb.cc; path = src/messages/controller.pb.cc; sourceTree = SOURCE_ROOT; };
		CD28227018B92605003B768C /* controller.pb.h */ = {isa = PBXFileReference; fileEncoding = 4; lastKnownFileType = sourcecode.c.h; name = controller.pb.h; path = src/messages/controller.pb.h; sourceTree = SOURCE_ROOT; };
		CD28227118B92605003B768C /* robot.pb.cc */ = {isa = PBXFileReference; fileEncoding = 4; lastKnownFileType = sourcecode.cpp.cpp; name = robot.pb.cc; path = src/messages/robot.pb.cc; sourceTree = SOURCE_ROOT; };
		CD28227218B92605003B768C /* robot.pb.h */ = {isa = PBXFileReference; fileEncoding = 4; lastKnownFileType = sourcecode.c.h; name = robot.pb.h; path = src/messages/robot.pb.h; sourceTree = SOURCE_ROOT; };
		CD28227318B92605003B768C /* server-game.pb.cc */ = {isa = PBXFileReference; fileEncoding = 4; lastKnownFileType = sourcecode.cpp.cpp; name = "server-game.pb.cc"; path = "src/messages/server-game.pb.cc"; sourceTree = SOURCE_ROOT; };
		CD28227418B92605003B768C /* server-game.pb.h */ = {isa = PBXFileReference; fileEncoding = 4; lastKnownFileType = sourcecode.c.h; name = "server-game.pb.h"; path = "src/messages/server-game.pb.h"; sourceTree = SOURCE_ROOT; };
		CD28227518B92605003B768C /* server-web.pb.cc */ = {isa = PBXFileReference; fileEncoding = 4; lastKnownFileType = sourcecode.cpp.cpp; name = "server-web.pb.cc"; path = "src/messages/server-web.pb.cc"; sourceTree = SOURCE_ROOT; };
		CD28227618B92605003B768C /* server-web.pb.h */ = {isa = PBXFileReference; fileEncoding = 4; lastKnownFileType = sourcecode.c.h; name = "server-web.pb.h"; path = "src/messages/server-web.pb.h"; sourceTree = SOURCE_ROOT; };
		CD28227B18B92617003B768C /* BroadcastRetriever.cpp */ = {isa = PBXFileReference; fileEncoding = 4; lastKnownFileType = sourcecode.cpp.cpp; name = BroadcastRetriever.cpp; path = src/logic/BroadcastRetriever.cpp; sourceTree = SOURCE_ROOT; };
		CD28227C18B92617003B768C /* BroadcastRetriever.h */ = {isa = PBXFileReference; fileEncoding = 4; lastKnownFileType = sourcecode.c.h; name = BroadcastRetriever.h; path = src/logic/BroadcastRetriever.h; sourceTree = SOURCE_ROOT; };
		CD28227D18B92617003B768C /* Media.h */ = {isa = PBXFileReference; fileEncoding = 4; lastKnownFileType = sourcecode.c.h; name = Media.h; path = src/logic/Media.h; sourceTree = SOURCE_ROOT; };
		CD28227E18B92617003B768C /* Media.mm */ = {isa = PBXFileReference; fileEncoding = 4; lastKnownFileType = sourcecode.cpp.objcpp; name = Media.mm; path = src/logic/Media.mm; sourceTree = SOURCE_ROOT; };
		CD28227F18B92617003B768C /* MessagesWrapper.h */ = {isa = PBXFileReference; fileEncoding = 4; lastKnownFileType = sourcecode.c.h; name = MessagesWrapper.h; path = src/logic/MessagesWrapper.h; sourceTree = SOURCE_ROOT; };
		CD28228018B92617003B768C /* MessagesWrapper.mm */ = {isa = PBXFileReference; fileEncoding = 4; lastKnownFileType = sourcecode.cpp.objcpp; name = MessagesWrapper.mm; path = src/logic/MessagesWrapper.mm; sourceTree = SOURCE_ROOT; };
		CD28228118B92617003B768C /* ServerCommunicator.h */ = {isa = PBXFileReference; fileEncoding = 4; lastKnownFileType = sourcecode.c.h; name = ServerCommunicator.h; path = src/logic/ServerCommunicator.h; sourceTree = SOURCE_ROOT; };
		CD28228218B92617003B768C /* ServerCommunicator.mm */ = {isa = PBXFileReference; fileEncoding = 4; lastKnownFileType = sourcecode.cpp.objcpp; name = ServerCommunicator.mm; path = src/logic/ServerCommunicator.mm; sourceTree = SOURCE_ROOT; };
		CD28228718B92624003B768C /* BackgroundScene.h */ = {isa = PBXFileReference; fileEncoding = 4; lastKnownFileType = sourcecode.c.h; name = BackgroundScene.h; path = src/scenes/BackgroundScene.h; sourceTree = SOURCE_ROOT; };
		CD28228818B92624003B768C /* BackgroundScene.mm */ = {isa = PBXFileReference; fileEncoding = 4; lastKnownFileType = sourcecode.cpp.objcpp; name = BackgroundScene.mm; path = src/scenes/BackgroundScene.mm; sourceTree = SOURCE_ROOT; };
		CD28228918B92624003B768C /* BroadcastScene.h */ = {isa = PBXFileReference; fileEncoding = 4; lastKnownFileType = sourcecode.c.h; name = BroadcastScene.h; path = src/scenes/BroadcastScene.h; sourceTree = SOURCE_ROOT; };
		CD28228A18B92624003B768C /* BroadcastScene.mm */ = {isa = PBXFileReference; fileEncoding = 4; lastKnownFileType = sourcecode.cpp.objcpp; name = BroadcastScene.mm; path = src/scenes/BroadcastScene.mm; sourceTree = SOURCE_ROOT; };
		CD28228B18B92624003B768C /* FlowScene.h */ = {isa = PBXFileReference; fileEncoding = 4; lastKnownFileType = sourcecode.c.h; name = FlowScene.h; path = src/scenes/FlowScene.h; sourceTree = SOURCE_ROOT; };
		CD28228C18B92624003B768C /* FlowScene.mm */ = {isa = PBXFileReference; fileEncoding = 4; lastKnownFileType = sourcecode.cpp.objcpp; name = FlowScene.mm; path = src/scenes/FlowScene.mm; sourceTree = SOURCE_ROOT; };
		CD28228D18B92624003B768C /* MainStage.h */ = {isa = PBXFileReference; fileEncoding = 4; lastKnownFileType = sourcecode.c.h; name = MainStage.h; path = src/scenes/MainStage.h; sourceTree = SOURCE_ROOT; };
		CD28228E18B92624003B768C /* MainStage.mm */ = {isa = PBXFileReference; fileEncoding = 4; lastKnownFileType = sourcecode.cpp.objcpp; name = MainStage.mm; path = src/scenes/MainStage.mm; sourceTree = SOURCE_ROOT; };
		CD28229418B92635003B768C /* AppDelegate.h */ = {isa = PBXFileReference; fileEncoding = 4; lastKnownFileType = sourcecode.c.h; name = AppDelegate.h; path = src/init/AppDelegate.h; sourceTree = SOURCE_ROOT; };
		CD28229518B92635003B768C /* AppDelegate.mm */ = {isa = PBXFileReference; fileEncoding = 4; lastKnownFileType = sourcecode.cpp.objcpp; name = AppDelegate.mm; path = src/init/AppDelegate.mm; sourceTree = SOURCE_ROOT; };
		CD28229618B92635003B768C /* Game.h */ = {isa = PBXFileReference; fileEncoding = 4; lastKnownFileType = sourcecode.c.h; name = Game.h; path = src/init/Game.h; sourceTree = SOURCE_ROOT; };
		CD28229718B92635003B768C /* Game.mm */ = {isa = PBXFileReference; fileEncoding = 4; lastKnownFileType = sourcecode.cpp.objcpp; name = Game.mm; path = src/init/Game.mm; sourceTree = SOURCE_ROOT; };
		CD28229818B92635003B768C /* main.mm */ = {isa = PBXFileReference; fileEncoding = 4; lastKnownFileType = sourcecode.cpp.objcpp; name = main.mm; path = src/init/main.mm; sourceTree = SOURCE_ROOT; };
		CD28229C18B92686003B768C /* black-dialog.png */ = {isa = PBXFileReference; lastKnownFileType = image.png; path = "black-dialog.png"; sourceTree = "<group>"; };
		CD28229D18B92686003B768C /* cut-metal.jpg */ = {isa = PBXFileReference; lastKnownFileType = image.jpeg; path = "cut-metal.jpg"; sourceTree = "<group>"; };
		CD28229E18B92686003B768C /* game-bg.png */ = {isa = PBXFileReference; lastKnownFileType = image.png; path = "game-bg.png"; sourceTree = "<group>"; };
		CD28229F18B92686003B768C /* Metal-background-2.jpg */ = {isa = PBXFileReference; lastKnownFileType = image.jpeg; path = "Metal-background-2.jpg"; sourceTree = "<group>"; };
		CD2822A018B92686003B768C /* Metal-background.jpg */ = {isa = PBXFileReference; lastKnownFileType = image.jpeg; path = "Metal-background.jpg"; sourceTree = "<group>"; };
		CD2822A118B92686003B768C /* Metal-background.png */ = {isa = PBXFileReference; lastKnownFileType = image.png; path = "Metal-background.png"; sourceTree = "<group>"; };
		CD2822A218B92686003B768C /* Metal-background.psd */ = {isa = PBXFileReference; lastKnownFileType = file; path = "Metal-background.psd"; sourceTree = "<group>"; };
		CD2822A318B92686003B768C /* Network-lines-background.jpg */ = {isa = PBXFileReference; lastKnownFileType = image.jpeg; path = "Network-lines-background.jpg"; sourceTree = "<group>"; };
		CD2822A418B92686003B768C /* tech-button-off.png */ = {isa = PBXFileReference; lastKnownFileType = image.png; path = "tech-button-off.png"; sourceTree = "<group>"; };
		CD2822A518B92686003B768C /* tech-button-off.psd */ = {isa = PBXFileReference; lastKnownFileType = file; path = "tech-button-off.psd"; sourceTree = "<group>"; };
		CD2822A618B92686003B768C /* tech-button-on.png */ = {isa = PBXFileReference; lastKnownFileType = image.png; path = "tech-button-on.png"; sourceTree = "<group>"; };
		CD2822A718B92686003B768C /* tech-button-on.psd */ = {isa = PBXFileReference; lastKnownFileType = file; path = "tech-button-on.psd"; sourceTree = "<group>"; };
		CD2CFF1918B9125800DB2CEC /* Images.xcassets */ = {isa = PBXFileReference; lastKnownFileType = folder.assetcatalog; name = Images.xcassets; path = iOrwell2/Images.xcassets; sourceTree = "<group>"; };
		CD30E5E018B0FADA00327A3B /* libstdc++.dylib */ = {isa = PBXFileReference; lastKnownFileType = "compiled.mach-o.dylib"; name = "libstdc++.dylib"; path = "usr/lib/libstdc++.dylib"; sourceTree = SDKROOT; };
		CD5B3CF718BA4B4F00368CE6 /* marvin.png */ = {isa = PBXFileReference; lastKnownFileType = image.png; path = marvin.png; sourceTree = "<group>"; };
		CD5B3CF918BA549A00368CE6 /* PlayGameScene.h */ = {isa = PBXFileReference; fileEncoding = 4; lastKnownFileType = sourcecode.c.h; name = PlayGameScene.h; path = src/scenes/PlayGameScene.h; sourceTree = SOURCE_ROOT; };
		CD5B3CFA18BA549A00368CE6 /* PlayGameScene.mm */ = {isa = PBXFileReference; fileEncoding = 4; lastKnownFileType = sourcecode.cpp.objcpp; name = PlayGameScene.mm; path = src/scenes/PlayGameScene.mm; sourceTree = SOURCE_ROOT; };
		CD7D452218B7CFBC00B5D596 /* bordersprite_regular_20.fnt */ = {isa = PBXFileReference; fileEncoding = 4; lastKnownFileType = text; path = bordersprite_regular_20.fnt; sourceTree = "<group>"; };
		CD7D452318B7CFBC00B5D596 /* bordersprite_regular_20.PNG */ = {isa = PBXFileReference; lastKnownFileType = image.png; path = bordersprite_regular_20.PNG; sourceTree = "<group>"; };
		CD7D452418B7CFBC00B5D596 /* dodger_shadow_shadow_20.fnt */ = {isa = PBXFileReference; fileEncoding = 4; lastKnownFileType = text; path = dodger_shadow_shadow_20.fnt; sourceTree = "<group>"; };
		CD7D452518B7CFBC00B5D596 /* dodger_shadow_shadow_20.PNG */ = {isa = PBXFileReference; lastKnownFileType = image.png; path = dodger_shadow_shadow_20.PNG; sourceTree = "<group>"; };
		CD7D452A18B7FAF800B5D596 /* dodger_condensed_condensed_20.fnt */ = {isa = PBXFileReference; fileEncoding = 4; lastKnownFileType = text; path = dodger_condensed_condensed_20.fnt; sourceTree = "<group>"; };
		CD7D452B18B7FAF800B5D596 /* dodger_condensed_condensed_20.PNG */ = {isa = PBXFileReference; lastKnownFileType = image.png; path = dodger_condensed_condensed_20.PNG; sourceTree = "<group>"; };
		CDA25D2718B0C78400916054 /* protobuf-ios.Framework */ = {isa = PBXFileReference; lastKnownFileType = wrapper.framework; name = "protobuf-ios.Framework"; path = "../lib/protobuf-ios.Framework"; sourceTree = "<group>"; };
		CDA25D2818B0C78400916054 /* sparrow.Framework */ = {isa = PBXFileReference; lastKnownFileType = wrapper.framework; name = sparrow.Framework; path = ../lib/sparrow.Framework; sourceTree = "<group>"; };
		CDA25D2918B0C78400916054 /* zmq-ios-aggregate.framework */ = {isa = PBXFileReference; lastKnownFileType = wrapper.framework; name = "zmq-ios-aggregate.framework"; path = "../lib/zmq-ios-aggregate.framework"; sourceTree = "<group>"; };
		DE3F093711B7B9DC009D4DB0 /* AVFoundation.framework */ = {isa = PBXFileReference; lastKnownFileType = wrapper.framework; name = AVFoundation.framework; path = System/Library/Frameworks/AVFoundation.framework; sourceTree = SDKROOT; };
		DE3F093911B7B9DC009D4DB0 /* AudioToolbox.framework */ = {isa = PBXFileReference; lastKnownFileType = wrapper.framework; name = AudioToolbox.framework; path = System/Library/Frameworks/AudioToolbox.framework; sourceTree = SDKROOT; };
		DE3F097711B7BABD009D4DB0 /* OpenAL.framework */ = {isa = PBXFileReference; lastKnownFileType = wrapper.framework; name = OpenAL.framework; path = System/Library/Frameworks/OpenAL.framework; sourceTree = SDKROOT; };
		DE4A3D7910FFB08200FDA492 /* OpenGLES.framework */ = {isa = PBXFileReference; lastKnownFileType = wrapper.framework; name = OpenGLES.framework; path = System/Library/Frameworks/OpenGLES.framework; sourceTree = SDKROOT; };
		DE4A3D7E10FFB08B00FDA492 /* QuartzCore.framework */ = {isa = PBXFileReference; lastKnownFileType = wrapper.framework; name = QuartzCore.framework; path = System/Library/Frameworks/QuartzCore.framework; sourceTree = SDKROOT; };
		DE4F80DB14E1541400655D44 /* sound.caf */ = {isa = PBXFileReference; lastKnownFileType = file; path = sound.caf; sourceTree = "<group>"; };
		DE5C4E6D138ED109004892CA /* libz.dylib */ = {isa = PBXFileReference; lastKnownFileType = "compiled.mach-o.dylib"; name = libz.dylib; path = usr/lib/libz.dylib; sourceTree = SDKROOT; };
		DEAAF3DE16BC114D004EB9D5 /* GLKit.framework */ = {isa = PBXFileReference; lastKnownFileType = wrapper.framework; name = GLKit.framework; path = System/Library/Frameworks/GLKit.framework; sourceTree = SDKROOT; };
/* End PBXFileReference section */

/* Begin PBXFrameworksBuildPhase section */
		1D60588F0D05DD3D006BFB54 /* Frameworks */ = {
			isa = PBXFrameworksBuildPhase;
			buildActionMask = 2147483647;
			files = (
				CD30E5E118B0FADA00327A3B /* libstdc++.dylib in Frameworks */,
				DE5C4E6E138ED109004892CA /* libz.dylib in Frameworks */,
				DEAAF3DF16BC114D004EB9D5 /* GLKit.framework in Frameworks */,
				1D60589F0D05DD5A006BFB54 /* Foundation.framework in Frameworks */,
				1DF5F4E00D08C38300B7A737 /* UIKit.framework in Frameworks */,
				288765FD0DF74451002DB57D /* CoreGraphics.framework in Frameworks */,
				DE4A3D7A10FFB08200FDA492 /* OpenGLES.framework in Frameworks */,
				DE4A3D7F10FFB08B00FDA492 /* QuartzCore.framework in Frameworks */,
				DE3F093811B7B9DC009D4DB0 /* AVFoundation.framework in Frameworks */,
				DE3F093A11B7B9DC009D4DB0 /* AudioToolbox.framework in Frameworks */,
				DE3F097811B7BABD009D4DB0 /* OpenAL.framework in Frameworks */,
				CDA25D2B18B0C78400916054 /* sparrow.Framework in Frameworks */,
				CD30E5DE18B0F99100327A3B /* protobuf-ios.Framework in Frameworks */,
				CD30E5DF18B0F99700327A3B /* zmq-ios-aggregate.framework in Frameworks */,
			);
			runOnlyForDeploymentPostprocessing = 0;
		};
/* End PBXFrameworksBuildPhase section */

/* Begin PBXGroup section */
		080E96DDFE201D6D7F000001 /* Sources */ = {
			isa = PBXGroup;
			children = (
				CD28229318B9262B003B768C /* Init */,
				CD7D451D18B7CA9100B5D596 /* UI Elements */,
				CDE680ED18B55FF900E05E24 /* Callbacks */,
				CDD67A8718B13EDB00EBCB57 /* Messages */,
				CDD67A5B18B129AA00EBCB57 /* Logic */,
				DE4F80D714E153EA00655D44 /* Scenes */,
			);
			name = Sources;
			path = Classes;
			sourceTree = "<group>";
		};
		19C28FACFE9D520D11CA2CBB /* Products */ = {
			isa = PBXGroup;
			children = (
				1D6058910D05DD3D006BFB54 /* iOrwell2.app */,
			);
			name = Products;
			sourceTree = "<group>";
		};
		29B97314FDCFA39411CA2CEA /* CustomTemplate */ = {
			isa = PBXGroup;
			children = (
				080E96DDFE201D6D7F000001 /* Sources */,
				29B97315FDCFA39411CA2CEA /* Other Sources */,
				29B97317FDCFA39411CA2CEA /* Resources */,
				29B97323FDCFA39411CA2CEA /* Frameworks */,
				19C28FACFE9D520D11CA2CBB /* Products */,
			);
			name = CustomTemplate;
			sourceTree = "<group>";
		};
		29B97315FDCFA39411CA2CEA /* Other Sources */ = {
			isa = PBXGroup;
			children = (
				32CA4F630368D1EE00C91783 /* App-Prefix.pch */,
				8D1107310486CEB800E47090 /* App-Info.plist */,
			);
			name = "Other Sources";
			sourceTree = "<group>";
		};
		29B97317FDCFA39411CA2CEA /* Resources */ = {
			isa = PBXGroup;
			children = (
				CD2CFF1918B9125800DB2CEC /* Images.xcassets */,
				CD7D452118B7CFBC00B5D596 /* fonts */,
				DE4F80D914E1541400655D44 /* audio */,
				DE4F80DC14E1541400655D44 /* graphics */,
			);
			name = Resources;
			sourceTree = "<group>";
		};
		29B97323FDCFA39411CA2CEA /* Frameworks */ = {
			isa = PBXGroup;
			children = (
				CD30E5E018B0FADA00327A3B /* libstdc++.dylib */,
				DE5C4E6D138ED109004892CA /* libz.dylib */,
				CDA25D2718B0C78400916054 /* protobuf-ios.Framework */,
				CDA25D2818B0C78400916054 /* sparrow.Framework */,
				CDA25D2918B0C78400916054 /* zmq-ios-aggregate.framework */,
				DEAAF3DE16BC114D004EB9D5 /* GLKit.framework */,
				DE3F093711B7B9DC009D4DB0 /* AVFoundation.framework */,
				DE3F093911B7B9DC009D4DB0 /* AudioToolbox.framework */,
				DE3F097711B7BABD009D4DB0 /* OpenAL.framework */,
				DE4A3D7E10FFB08B00FDA492 /* QuartzCore.framework */,
				DE4A3D7910FFB08200FDA492 /* OpenGLES.framework */,
				1DF5F4DF0D08C38300B7A737 /* UIKit.framework */,
				1D30AB110D05D00D00671497 /* Foundation.framework */,
				288765FC0DF74451002DB57D /* CoreGraphics.framework */,
			);
			name = Frameworks;
			sourceTree = "<group>";
		};
		CD28229318B9262B003B768C /* Init */ = {
			isa = PBXGroup;
			children = (
				CD28229418B92635003B768C /* AppDelegate.h */,
				CD28229518B92635003B768C /* AppDelegate.mm */,
				CD28229618B92635003B768C /* Game.h */,
				CD28229718B92635003B768C /* Game.mm */,
				CD28229818B92635003B768C /* main.mm */,
			);
			name = Init;
			sourceTree = "<group>";
		};
		CD7D451D18B7CA9100B5D596 /* UI Elements */ = {
			isa = PBXGroup;
			children = (
				CD28225C18B925E3003B768C /* ORButton.h */,
				CD28225D18B925E3003B768C /* ORButton.mm */,
				CD28225E18B925E3003B768C /* ORTextField.h */,
				CD28225F18B925E3003B768C /* ORTextField.mm */,
			);
			name = "UI Elements";
			sourceTree = "<group>";
		};
		CD7D452118B7CFBC00B5D596 /* fonts */ = {
			isa = PBXGroup;
			children = (
				CD7D452A18B7FAF800B5D596 /* dodger_condensed_condensed_20.fnt */,
				CD7D452B18B7FAF800B5D596 /* dodger_condensed_condensed_20.PNG */,
				CD7D452218B7CFBC00B5D596 /* bordersprite_regular_20.fnt */,
				CD7D452318B7CFBC00B5D596 /* bordersprite_regular_20.PNG */,
				CD7D452418B7CFBC00B5D596 /* dodger_shadow_shadow_20.fnt */,
				CD7D452518B7CFBC00B5D596 /* dodger_shadow_shadow_20.PNG */,
			);
			name = fonts;
			path = ../media/fonts;
			sourceTree = "<group>";
		};
		CDD67A5B18B129AA00EBCB57 /* Logic */ = {
			isa = PBXGroup;
			children = (
				CD28227B18B92617003B768C /* BroadcastRetriever.cpp */,
				CD28227C18B92617003B768C /* BroadcastRetriever.h */,
				CD28227D18B92617003B768C /* Media.h */,
				CD28227E18B92617003B768C /* Media.mm */,
				CD28227F18B92617003B768C /* MessagesWrapper.h */,
				CD28228018B92617003B768C /* MessagesWrapper.mm */,
				CD28228118B92617003B768C /* ServerCommunicator.h */,
				CD28228218B92617003B768C /* ServerCommunicator.mm */,
			);
			name = Logic;
			sourceTree = "<group>";
		};
		CDD67A8718B13EDB00EBCB57 /* Messages */ = {
			isa = PBXGroup;
			children = (
				CD28226F18B92605003B768C /* controller.pb.cc */,
				CD28227018B92605003B768C /* controller.pb.h */,
				CD28227118B92605003B768C /* robot.pb.cc */,
				CD28227218B92605003B768C /* robot.pb.h */,
				CD28227318B92605003B768C /* server-game.pb.cc */,
				CD28227418B92605003B768C /* server-game.pb.h */,
				CD28227518B92605003B768C /* server-web.pb.cc */,
				CD28227618B92605003B768C /* server-web.pb.h */,
			);
			name = Messages;
			sourceTree = "<group>";
		};
		CDE680ED18B55FF900E05E24 /* Callbacks */ = {
			isa = PBXGroup;
			children = (
				CD28226818B925F0003B768C /* CallbackResponder.h */,
				CD28226218B925F0003B768C /* Callback.h */,
				CD28226318B925F0003B768C /* Callback.mm */,
				CD28226418B925F0003B768C /* CallbackGameState.h */,
				CD28226518B925F0003B768C /* CallbackGameState.mm */,
				CD28226618B925F0003B768C /* CallbackGoodbye.h */,
				CD28226718B925F0003B768C /* CallbackGoodbye.mm */,
				CD28226918B925F0003B768C /* CallbackWelcome.h */,
				CD28226A18B925F0003B768C /* CallbackWelcome.mm */,
			);
			name = Callbacks;
			sourceTree = "<group>";
		};
		DE4F80D714E153EA00655D44 /* Scenes */ = {
			isa = PBXGroup;
			children = (
				CD28228718B92624003B768C /* BackgroundScene.h */,
				CD28228818B92624003B768C /* BackgroundScene.mm */,
				CD28228918B92624003B768C /* BroadcastScene.h */,
				CD28228A18B92624003B768C /* BroadcastScene.mm */,
				CD28228B18B92624003B768C /* FlowScene.h */,
				CD28228C18B92624003B768C /* FlowScene.mm */,
				CD28228D18B92624003B768C /* MainStage.h */,
				CD28228E18B92624003B768C /* MainStage.mm */,
				CD5B3CF918BA549A00368CE6 /* PlayGameScene.h */,
				CD5B3CFA18BA549A00368CE6 /* PlayGameScene.mm */,
			);
			name = Scenes;
			sourceTree = "<group>";
		};
		DE4F80D914E1541400655D44 /* audio */ = {
			isa = PBXGroup;
			children = (
				DE4F80DB14E1541400655D44 /* sound.caf */,
			);
			name = audio;
			path = ../media/audio;
			sourceTree = "<group>";
		};
		DE4F80DC14E1541400655D44 /* graphics */ = {
			isa = PBXGroup;
			children = (
				DE4F80DD14E1541400655D44 /* 1x */,
				DE4F80E214E1541400655D44 /* 2x */,
			);
			name = graphics;
			path = ../media/graphics;
			sourceTree = "<group>";
		};
		DE4F80DD14E1541400655D44 /* 1x */ = {
			isa = PBXGroup;
			children = (
				CD5B3CF718BA4B4F00368CE6 /* marvin.png */,
				CD28229C18B92686003B768C /* black-dialog.png */,
				CD28229D18B92686003B768C /* cut-metal.jpg */,
				CD28229E18B92686003B768C /* game-bg.png */,
				CD28229F18B92686003B768C /* Metal-background-2.jpg */,
				CD2822A018B92686003B768C /* Metal-background.jpg */,
				CD2822A118B92686003B768C /* Metal-background.png */,
				CD2822A218B92686003B768C /* Metal-background.psd */,
				CD2822A318B92686003B768C /* Network-lines-background.jpg */,
				CD2822A418B92686003B768C /* tech-button-off.png */,
				CD2822A518B92686003B768C /* tech-button-off.psd */,
				CD2822A618B92686003B768C /* tech-button-on.png */,
				CD2822A718B92686003B768C /* tech-button-on.psd */,
			);
			path = 1x;
			sourceTree = "<group>";
		};
		DE4F80E214E1541400655D44 /* 2x */ = {
			isa = PBXGroup;
			children = (
			);
			path = 2x;
			sourceTree = "<group>";
		};
/* End PBXGroup section */

/* Begin PBXNativeTarget section */
		1D6058900D05DD3D006BFB54 /* iOrwell2 */ = {
			isa = PBXNativeTarget;
			buildConfigurationList = 1D6058960D05DD3E006BFB54 /* Build configuration list for PBXNativeTarget "iOrwell2" */;
			buildPhases = (
				1D60588D0D05DD3D006BFB54 /* Resources */,
				1D60588E0D05DD3D006BFB54 /* Sources */,
				1D60588F0D05DD3D006BFB54 /* Frameworks */,
			);
			buildRules = (
			);
			dependencies = (
			);
			name = iOrwell2;
			productName = AppScaffold;
			productReference = 1D6058910D05DD3D006BFB54 /* iOrwell2.app */;
			productType = "com.apple.product-type.application";
		};
/* End PBXNativeTarget section */

/* Begin PBXProject section */
		29B97313FDCFA39411CA2CEA /* Project object */ = {
			isa = PBXProject;
			attributes = {
				LastUpgradeCheck = 0450;
			};
			buildConfigurationList = C01FCF4E08A954540054247B /* Build configuration list for PBXProject "iOrwell2" */;
			compatibilityVersion = "Xcode 3.2";
			developmentRegion = English;
			hasScannedForEncodings = 1;
			knownRegions = (
				English,
				Japanese,
				French,
				German,
			);
			mainGroup = 29B97314FDCFA39411CA2CEA /* CustomTemplate */;
			projectDirPath = "";
			projectRoot = "";
			targets = (
				1D6058900D05DD3D006BFB54 /* iOrwell2 */,
			);
		};
/* End PBXProject section */

/* Begin PBXResourcesBuildPhase section */
		1D60588D0D05DD3D006BFB54 /* Resources */ = {
			isa = PBXResourcesBuildPhase;
			buildActionMask = 2147483647;
			files = (
				DE4F80E814E1541400655D44 /* sound.caf in Resources */,
				CD7D452C18B7FAF800B5D596 /* dodger_condensed_condensed_20.fnt in Resources */,
				CD2822A918B92686003B768C /* cut-metal.jpg in Resources */,
				CD2822AD18B92686003B768C /* Metal-background.png in Resources */,
				CD2822AE18B92686003B768C /* Metal-background.psd in Resources */,
				CD2822AA18B92686003B768C /* game-bg.png in Resources */,
				CD2822AB18B92686003B768C /* Metal-background-2.jpg in Resources */,
				CD2822B118B92686003B768C /* tech-button-off.psd in Resources */,
				CD2822A818B92686003B768C /* black-dialog.png in Resources */,
				CD7D452718B7CFBC00B5D596 /* bordersprite_regular_20.PNG in Resources */,
				CD7D452918B7CFBC00B5D596 /* dodger_shadow_shadow_20.PNG in Resources */,
				CD2822B018B92686003B768C /* tech-button-off.png in Resources */,
				CD2822AF18B92686003B768C /* Network-lines-background.jpg in Resources */,
				CD5B3CF818BA4B4F00368CE6 /* marvin.png in Resources */,
				CD2822AC18B92686003B768C /* Metal-background.jpg in Resources */,
				CD2822B318B92686003B768C /* tech-button-on.psd in Resources */,
				CD7D452818B7CFBC00B5D596 /* dodger_shadow_shadow_20.fnt in Resources */,
				CD7D452618B7CFBC00B5D596 /* bordersprite_regular_20.fnt in Resources */,
				CD2CFF1A18B9125800DB2CEC /* Images.xcassets in Resources */,
				CD7D452D18B7FAF800B5D596 /* dodger_condensed_condensed_20.PNG in Resources */,
				CD2822B218B92686003B768C /* tech-button-on.png in Resources */,
			);
			runOnlyForDeploymentPostprocessing = 0;
		};
/* End PBXResourcesBuildPhase section */

/* Begin PBXSourcesBuildPhase section */
		1D60588E0D05DD3D006BFB54 /* Sources */ = {
			isa = PBXSourcesBuildPhase;
			buildActionMask = 2147483647;
			files = (
				CD28226118B925E3003B768C /* ORTextField.mm in Sources */,
				CD28229018B92624003B768C /* BroadcastScene.mm in Sources */,
				CD28229218B92624003B768C /* MainStage.mm in Sources */,
				CD28228618B92617003B768C /* ServerCommunicator.mm in Sources */,
				CD5B3CFB18BA549A00368CE6 /* PlayGameScene.mm in Sources */,
				CD28228318B92617003B768C /* BroadcastRetriever.cpp in Sources */,
				CD28226C18B925F0003B768C /* CallbackGameState.mm in Sources */,
				CD28227918B92605003B768C /* server-game.pb.cc in Sources */,
				CD28229A18B92635003B768C /* Game.mm in Sources */,
				CD28227A18B92605003B768C /* server-web.pb.cc in Sources */,
				CD28229918B92635003B768C /* AppDelegate.mm in Sources */,
				CD28229118B92624003B768C /* FlowScene.mm in Sources */,
				CD28226D18B925F0003B768C /* CallbackGoodbye.mm in Sources */,
				CD28226B18B925F0003B768C /* Callback.mm in Sources */,
				CD28229B18B92635003B768C /* main.mm in Sources */,
				CD28228418B92617003B768C /* Media.mm in Sources */,
				CD28227718B92605003B768C /* controller.pb.cc in Sources */,
				CD28228518B92617003B768C /* MessagesWrapper.mm in Sources */,
				CD28228F18B92624003B768C /* BackgroundScene.mm in Sources */,
				CD28226018B925E3003B768C /* ORButton.mm in Sources */,
				CD28226E18B925F0003B768C /* CallbackWelcome.mm in Sources */,
				CD28227818B92605003B768C /* robot.pb.cc in Sources */,
			);
			runOnlyForDeploymentPostprocessing = 0;
		};
/* End PBXSourcesBuildPhase section */

/* Begin XCBuildConfiguration section */
		1D6058940D05DD3E006BFB54 /* Debug */ = {
			isa = XCBuildConfiguration;
			buildSettings = {
				ARCHS = "$(ARCHS_STANDARD_INCLUDING_64_BIT)";
				ASSETCATALOG_COMPILER_APPICON_NAME = AppIcon;
				ASSETCATALOG_COMPILER_LAUNCHIMAGE_NAME = LaunchImage;
				CLANG_CXX_LANGUAGE_STANDARD = "gnu++0x";
				CLANG_CXX_LIBRARY = "compiler-default";
				CLANG_X86_VECTOR_INSTRUCTIONS = default;
				CODE_SIGN_IDENTITY = "iPhone Developer";
				FRAMEWORK_SEARCH_PATHS = (
					"$(inherited)",
					"\"$(SRCROOT)/../lib\"",
				);
				GCC_C_LANGUAGE_STANDARD = gnu99;
				GCC_INPUT_FILETYPE = sourcecode.cpp.objcpp;
				INFOPLIST_FILE = "App-Info.plist";
				IPHONEOS_DEPLOYMENT_TARGET = 7.0;
				LIBRARY_SEARCH_PATHS = "";
				OTHER_CPLUSPLUSFLAGS = "$(OTHER_CFLAGS)";
				OTHER_LDFLAGS = (
					"-ObjC",
					"-all_load",
				);
				PRODUCT_NAME = iOrwell2;
				TARGETED_DEVICE_FAMILY = 1;
				USER_HEADER_SEARCH_PATHS = "\"$(SRCROOT)\" \"$(SRCROOT)/../lib/zmq-ios-aggregate.framework/Headers\" \"$(SRCROOT)/../lib/protobuf-ios.Framework/Headers\" \"$(SRCROOT)/../lib/sparrow.Framework/Headers\"";
				VALID_ARCHS = "arm64 armv7 armv7s i386";
			};
			name = Debug;
		};
		1D6058950D05DD3E006BFB54 /* Release */ = {
			isa = XCBuildConfiguration;
			buildSettings = {
				ARCHS = "$(ARCHS_STANDARD_INCLUDING_64_BIT)";
				ASSETCATALOG_COMPILER_APPICON_NAME = AppIcon;
				ASSETCATALOG_COMPILER_LAUNCHIMAGE_NAME = LaunchImage;
				CLANG_CXX_LANGUAGE_STANDARD = "gnu++0x";
				CLANG_CXX_LIBRARY = "compiler-default";
				CLANG_X86_VECTOR_INSTRUCTIONS = default;
				CODE_SIGN_IDENTITY = "iPhone Developer";
				FRAMEWORK_SEARCH_PATHS = (
					"$(inherited)",
					"\"$(SRCROOT)/../lib\"",
				);
				GCC_C_LANGUAGE_STANDARD = gnu99;
				GCC_INPUT_FILETYPE = sourcecode.cpp.objcpp;
				INFOPLIST_FILE = "App-Info.plist";
				IPHONEOS_DEPLOYMENT_TARGET = 7.0;
				LIBRARY_SEARCH_PATHS = "";
				OTHER_CPLUSPLUSFLAGS = "$(OTHER_CFLAGS)";
				OTHER_LDFLAGS = (
					"-ObjC",
					"-all_load",
				);
				PRODUCT_NAME = iOrwell2;
				TARGETED_DEVICE_FAMILY = 1;
				USER_HEADER_SEARCH_PATHS = "\"$(SRCROOT)\" \"$(SRCROOT)/../lib/zmq-ios-aggregate.framework/Headers\" \"$(SRCROOT)/../lib/protobuf-ios.Framework/Headers\" \"$(SRCROOT)/../lib/sparrow.Framework/Headers\"";
				VALID_ARCHS = "arm64 armv7 armv7s i386";
			};
			name = Release;
		};
		C01FCF4F08A954540054247B /* Debug */ = {
			isa = XCBuildConfiguration;
			buildSettings = {
				CLANG_CXX_LANGUAGE_STANDARD = "gnu++0x";
				CLANG_CXX_LIBRARY = "libc++";
				CLANG_ENABLE_OBJC_ARC = YES;
				CLANG_WARN_CONSTANT_CONVERSION = YES;
				CLANG_WARN_EMPTY_BODY = YES;
				CLANG_WARN_ENUM_CONVERSION = YES;
				CLANG_WARN_INT_CONVERSION = YES;
				CLANG_WARN__DUPLICATE_METHOD_MATCH = YES;
				CODE_SIGN_IDENTITY = "iPhone Developer";
				"CODE_SIGN_IDENTITY[sdk=iphoneos*]" = "iPhone Developer";
				COPY_PHASE_STRIP = NO;
				FRAMEWORK_SEARCH_PATHS = "\"$(SRCROOT)/../lib\"";
				GCC_C_LANGUAGE_STANDARD = gnu99;
				GCC_INCREASE_PRECOMPILED_HEADER_SHARING = YES;
				GCC_INPUT_FILETYPE = sourcecode.cpp.objcpp;
				GCC_OPTIMIZATION_LEVEL = 0;
				GCC_PRECOMPILE_PREFIX_HEADER = YES;
				GCC_PREFIX_HEADER = "App-Prefix.pch";
				GCC_PREPROCESSOR_DEFINITIONS = "DEBUG=1";
				GCC_THUMB_SUPPORT = NO;
				GCC_WARN_ABOUT_RETURN_TYPE = YES;
				GCC_WARN_UNINITIALIZED_AUTOS = YES;
				GCC_WARN_UNUSED_VARIABLE = YES;
				INFOPLIST_FILE = "";
				IPHONEOS_DEPLOYMENT_TARGET = 6.0;
				LD_DEPENDENCY_INFO_FILE = "";
				ONLY_ACTIVE_ARCH = YES;
				OTHER_LDFLAGS = (
					"-all_load",
					"-ObjC",
				);
				PRODUCT_NAME = "";
				PROVISIONING_PROFILE = "";
				SDKROOT = iphoneos;
				TARGETED_DEVICE_FAMILY = "1,2";
				USER_HEADER_SEARCH_PATHS = "\"$(SRCROOT)/../lib/sparrow.Framework/Headers\" \"$(SRCROOT)/../lib/zmq-ios-aggregate.framework/Headers\" \"$(SRCROOT)/../lib/protobuf-ios.Framework/Headers\"";
				VALID_ARCHS = "arm64 armv7 armv7s i386";
			};
			name = Debug;
		};
		C01FCF5008A954540054247B /* Release */ = {
			isa = XCBuildConfiguration;
			buildSettings = {
				CLANG_CXX_LANGUAGE_STANDARD = "gnu++0x";
				CLANG_CXX_LIBRARY = "libc++";
				CLANG_ENABLE_OBJC_ARC = YES;
				CLANG_WARN_CONSTANT_CONVERSION = YES;
				CLANG_WARN_EMPTY_BODY = YES;
				CLANG_WARN_ENUM_CONVERSION = YES;
				CLANG_WARN_INT_CONVERSION = YES;
				CLANG_WARN__DUPLICATE_METHOD_MATCH = YES;
				CODE_SIGN_IDENTITY = "iPhone Developer";
				"CODE_SIGN_IDENTITY[sdk=iphoneos*]" = "iPhone Developer";
				FRAMEWORK_SEARCH_PATHS = "\"$(SRCROOT)/../lib\"";
				GCC_C_LANGUAGE_STANDARD = gnu99;
				GCC_INCREASE_PRECOMPILED_HEADER_SHARING = YES;
				GCC_INPUT_FILETYPE = sourcecode.cpp.objcpp;
				GCC_PRECOMPILE_PREFIX_HEADER = YES;
				GCC_PREFIX_HEADER = "App-Prefix.pch";
				GCC_THUMB_SUPPORT = NO;
				GCC_WARN_ABOUT_RETURN_TYPE = YES;
				GCC_WARN_UNINITIALIZED_AUTOS = YES;
				GCC_WARN_UNUSED_VARIABLE = YES;
				INFOPLIST_FILE = "";
				IPHONEOS_DEPLOYMENT_TARGET = 6.0;
				LD_DEPENDENCY_INFO_FILE = "";
				OTHER_LDFLAGS = (
					"-all_load",
					"-ObjC",
				);
				PRODUCT_NAME = "";
				PROVISIONING_PROFILE = "";
				SDKROOT = iphoneos;
				TARGETED_DEVICE_FAMILY = "1,2";
				USER_HEADER_SEARCH_PATHS = "\"$(SRCROOT)/../lib/sparrow.Framework/Headers\" \"$(SRCROOT)/../lib/zmq-ios-aggregate.framework/Headers\" \"$(SRCROOT)/../lib/protobuf-ios.Framework/Headers\"";
				VALIDATE_PRODUCT = YES;
				VALID_ARCHS = "arm64 armv7 armv7s i386";
			};
			name = Release;
		};
/* End XCBuildConfiguration section */

/* Begin XCConfigurationList section */
		1D6058960D05DD3E006BFB54 /* Build configuration list for PBXNativeTarget "iOrwell2" */ = {
			isa = XCConfigurationList;
			buildConfigurations = (
				1D6058940D05DD3E006BFB54 /* Debug */,
				1D6058950D05DD3E006BFB54 /* Release */,
			);
			defaultConfigurationIsVisible = 0;
			defaultConfigurationName = Release;
		};
		C01FCF4E08A954540054247B /* Build configuration list for PBXProject "iOrwell2" */ = {
			isa = XCConfigurationList;
			buildConfigurations = (
				C01FCF4F08A954540054247B /* Debug */,
				C01FCF5008A954540054247B /* Release */,
			);
			defaultConfigurationIsVisible = 0;
			defaultConfigurationName = Release;
		};
/* End XCConfigurationList section */
	};
	rootObject = 29B97313FDCFA39411CA2CEA /* Project object */;
}
